// !$*UTF8*$!
{
	archiveVersion = 1;
	classes = {
	};
	objectVersion = 50;
	objects = {

/* Begin PBXBuildFile section */
		1F3F72C022AE1E110055620C /* AppDelegate.swift in Sources */ = {isa = PBXBuildFile; fileRef = 1F3F72BF22AE1E110055620C /* AppDelegate.swift */; };
		1F3F72C222AE1E110055620C /* SimpleAdderViewController.swift in Sources */ = {isa = PBXBuildFile; fileRef = 1F3F72C122AE1E110055620C /* SimpleAdderViewController.swift */; };
		1F3F72C522AE1E110055620C /* Main.storyboard in Resources */ = {isa = PBXBuildFile; fileRef = 1F3F72C322AE1E110055620C /* Main.storyboard */; };
		1F3F72C722AE1E110055620C /* Assets.xcassets in Resources */ = {isa = PBXBuildFile; fileRef = 1F3F72C622AE1E110055620C /* Assets.xcassets */; };
		1F3F72CA22AE1E110055620C /* LaunchScreen.storyboard in Resources */ = {isa = PBXBuildFile; fileRef = 1F3F72C822AE1E110055620C /* LaunchScreen.storyboard */; };
		4B61F06AE95858B6EC1DBEFD /* Pods_Example.framework in Frameworks */ = {isa = PBXBuildFile; fileRef = 840A900D44200DDB270E510D /* Pods_Example.framework */; };
		6926B3592378F83E00B76761 /* PersistentAdderViewController.swift in Sources */ = {isa = PBXBuildFile; fileRef = 6926B3582378F83E00B76761 /* PersistentAdderViewController.swift */; };
		6926B35B237902C200B76761 /* ExampleListViewController.swift in Sources */ = {isa = PBXBuildFile; fileRef = 6926B35A237902C200B76761 /* ExampleListViewController.swift */; };
		693672E22379178C00565B59 /* Effect+UserDefaults.swift in Sources */ = {isa = PBXBuildFile; fileRef = 693672E12379178C00565B59 /* Effect+UserDefaults.swift */; };
		693672E42379187200565B59 /* Effect+MonadTransformer.swift in Sources */ = {isa = PBXBuildFile; fileRef = 693672E32379187200565B59 /* Effect+MonadTransformer.swift */; };
		693672E623791F7700565B59 /* Effect.swift in Sources */ = {isa = PBXBuildFile; fileRef = 693672E523791F7700565B59 /* Effect.swift */; };
		696BD2E02373FF3C0071ABDA /* BeginnerProgram.swift in Sources */ = {isa = PBXBuildFile; fileRef = 696BD2DF2373FF3C0071ABDA /* BeginnerProgram.swift */; };
		69BA20C92283BF2F00A06438 /* Operators.swift in Sources */ = {isa = PBXBuildFile; fileRef = 69BA20C82283BF2F00A06438 /* Operators.swift */; };
		69BA20CB2283BFFC00A06438 /* Functions.swift in Sources */ = {isa = PBXBuildFile; fileRef = 69BA20CA2283BFFC00A06438 /* Functions.swift */; };
		69BA20CE2283C08B00A06438 /* OptionalType.swift in Sources */ = {isa = PBXBuildFile; fileRef = 69BA20CD2283C08B00A06438 /* OptionalType.swift */; };
		69BA20D02283C13E00A06438 /* Unit.swift in Sources */ = {isa = PBXBuildFile; fileRef = 69BA20CF2283C13E00A06438 /* Unit.swift */; };
		69BA20D22283C1D000A06438 /* Reader.swift in Sources */ = {isa = PBXBuildFile; fileRef = 69BA20D12283C1D000A06438 /* Reader.swift */; };
		69BA20D72283C2A800A06438 /* Copyable.swift in Sources */ = {isa = PBXBuildFile; fileRef = 69BA20D62283C2A800A06438 /* Copyable.swift */; };
		69BA20DA2283E67100A06438 /* Command+MonadTransformer.swift in Sources */ = {isa = PBXBuildFile; fileRef = 69BA20D92283E67100A06438 /* Command+MonadTransformer.swift */; };
		69BA20DE2283E6F100A06438 /* View.swift in Sources */ = {isa = PBXBuildFile; fileRef = 69BA20DD2283E6F100A06438 /* View.swift */; };
		69BA20E02283E72F00A06438 /* ViewController.swift in Sources */ = {isa = PBXBuildFile; fileRef = 69BA20DF2283E72F00A06438 /* ViewController.swift */; };
		69BA20E32283E75500A06438 /* EnvironmentType.swift in Sources */ = {isa = PBXBuildFile; fileRef = 69BA20E22283E75500A06438 /* EnvironmentType.swift */; };
		69BA20E62283E78E00A06438 /* Program.swift in Sources */ = {isa = PBXBuildFile; fileRef = 69BA20E52283E78E00A06438 /* Program.swift */; };
		69BA20E82283E7A700A06438 /* StateMachine.swift in Sources */ = {isa = PBXBuildFile; fileRef = 69BA20E72283E7A700A06438 /* StateMachine.swift */; };
		69E96219227FF0BF00072369 /* Geppetto.h in Headers */ = {isa = PBXBuildFile; fileRef = 69E96217227FF0BF00072369 /* Geppetto.h */; settings = {ATTRIBUTES = (Public, ); }; };
		7ED82C50378DE8DBAC3A38FF /* Pods_Geppetto.framework in Frameworks */ = {isa = PBXBuildFile; fileRef = F913D48F054A8BF12E0204C6 /* Pods_Geppetto.framework */; };
/* End PBXBuildFile section */

/* Begin PBXContainerItemProxy section */
		1F3F72CF22AE1E250055620C /* PBXContainerItemProxy */ = {
			isa = PBXContainerItemProxy;
			containerPortal = 69E9620B227FF0BF00072369 /* Project object */;
			proxyType = 1;
			remoteGlobalIDString = 69E96213227FF0BF00072369;
			remoteInfo = Geppetto;
		};
/* End PBXContainerItemProxy section */

/* Begin PBXFileReference section */
		1F3F72BD22AE1E100055620C /* Example.app */ = {isa = PBXFileReference; explicitFileType = wrapper.application; includeInIndex = 0; path = Example.app; sourceTree = BUILT_PRODUCTS_DIR; };
		1F3F72BF22AE1E110055620C /* AppDelegate.swift */ = {isa = PBXFileReference; lastKnownFileType = sourcecode.swift; path = AppDelegate.swift; sourceTree = "<group>"; };
		1F3F72C122AE1E110055620C /* SimpleAdderViewController.swift */ = {isa = PBXFileReference; lastKnownFileType = sourcecode.swift; path = SimpleAdderViewController.swift; sourceTree = "<group>"; };
		1F3F72C422AE1E110055620C /* Base */ = {isa = PBXFileReference; lastKnownFileType = file.storyboard; name = Base; path = Base.lproj/Main.storyboard; sourceTree = "<group>"; };
		1F3F72C622AE1E110055620C /* Assets.xcassets */ = {isa = PBXFileReference; lastKnownFileType = folder.assetcatalog; path = Assets.xcassets; sourceTree = "<group>"; };
		1F3F72C922AE1E110055620C /* Base */ = {isa = PBXFileReference; lastKnownFileType = file.storyboard; name = Base; path = Base.lproj/LaunchScreen.storyboard; sourceTree = "<group>"; };
		1F3F72CB22AE1E110055620C /* Info.plist */ = {isa = PBXFileReference; lastKnownFileType = text.plist.xml; path = Info.plist; sourceTree = "<group>"; };
		419200EE6F679B389AC2A137 /* Pods-Example.debug.xcconfig */ = {isa = PBXFileReference; includeInIndex = 1; lastKnownFileType = text.xcconfig; name = "Pods-Example.debug.xcconfig"; path = "Target Support Files/Pods-Example/Pods-Example.debug.xcconfig"; sourceTree = "<group>"; };
		6926B3582378F83E00B76761 /* PersistentAdderViewController.swift */ = {isa = PBXFileReference; lastKnownFileType = sourcecode.swift; path = PersistentAdderViewController.swift; sourceTree = "<group>"; };
		6926B35A237902C200B76761 /* ExampleListViewController.swift */ = {isa = PBXFileReference; lastKnownFileType = sourcecode.swift; path = ExampleListViewController.swift; sourceTree = "<group>"; };
		693672E12379178C00565B59 /* Effect+UserDefaults.swift */ = {isa = PBXFileReference; lastKnownFileType = sourcecode.swift; path = "Effect+UserDefaults.swift"; sourceTree = "<group>"; };
		693672E32379187200565B59 /* Effect+MonadTransformer.swift */ = {isa = PBXFileReference; lastKnownFileType = sourcecode.swift; path = "Effect+MonadTransformer.swift"; sourceTree = "<group>"; };
		693672E523791F7700565B59 /* Effect.swift */ = {isa = PBXFileReference; lastKnownFileType = sourcecode.swift; path = Effect.swift; sourceTree = "<group>"; };
		696BD2DF2373FF3C0071ABDA /* BeginnerProgram.swift */ = {isa = PBXFileReference; lastKnownFileType = sourcecode.swift; path = BeginnerProgram.swift; sourceTree = "<group>"; };
		69BA20C82283BF2F00A06438 /* Operators.swift */ = {isa = PBXFileReference; lastKnownFileType = sourcecode.swift; path = Operators.swift; sourceTree = "<group>"; };
		69BA20CA2283BFFC00A06438 /* Functions.swift */ = {isa = PBXFileReference; lastKnownFileType = sourcecode.swift; path = Functions.swift; sourceTree = "<group>"; };
		69BA20CD2283C08B00A06438 /* OptionalType.swift */ = {isa = PBXFileReference; lastKnownFileType = sourcecode.swift; path = OptionalType.swift; sourceTree = "<group>"; };
		69BA20CF2283C13E00A06438 /* Unit.swift */ = {isa = PBXFileReference; lastKnownFileType = sourcecode.swift; path = Unit.swift; sourceTree = "<group>"; };
		69BA20D12283C1D000A06438 /* Reader.swift */ = {isa = PBXFileReference; lastKnownFileType = sourcecode.swift; path = Reader.swift; sourceTree = "<group>"; };
		69BA20D62283C2A800A06438 /* Copyable.swift */ = {isa = PBXFileReference; lastKnownFileType = sourcecode.swift; path = Copyable.swift; sourceTree = "<group>"; };
		69BA20D92283E67100A06438 /* Command+MonadTransformer.swift */ = {isa = PBXFileReference; lastKnownFileType = sourcecode.swift; path = "Command+MonadTransformer.swift"; sourceTree = "<group>"; };
		69BA20DD2283E6F100A06438 /* View.swift */ = {isa = PBXFileReference; lastKnownFileType = sourcecode.swift; path = View.swift; sourceTree = "<group>"; };
		69BA20DF2283E72F00A06438 /* ViewController.swift */ = {isa = PBXFileReference; lastKnownFileType = sourcecode.swift; path = ViewController.swift; sourceTree = "<group>"; };
		69BA20E22283E75500A06438 /* EnvironmentType.swift */ = {isa = PBXFileReference; lastKnownFileType = sourcecode.swift; path = EnvironmentType.swift; sourceTree = "<group>"; };
		69BA20E52283E78E00A06438 /* Program.swift */ = {isa = PBXFileReference; lastKnownFileType = sourcecode.swift; path = Program.swift; sourceTree = "<group>"; };
		69BA20E72283E7A700A06438 /* StateMachine.swift */ = {isa = PBXFileReference; lastKnownFileType = sourcecode.swift; path = StateMachine.swift; sourceTree = "<group>"; };
		69E96214227FF0BF00072369 /* Geppetto.framework */ = {isa = PBXFileReference; explicitFileType = wrapper.framework; includeInIndex = 0; path = Geppetto.framework; sourceTree = BUILT_PRODUCTS_DIR; };
		69E96217227FF0BF00072369 /* Geppetto.h */ = {isa = PBXFileReference; lastKnownFileType = sourcecode.c.h; path = Geppetto.h; sourceTree = "<group>"; };
		69E96218227FF0BF00072369 /* Info.plist */ = {isa = PBXFileReference; lastKnownFileType = text.plist.xml; path = Info.plist; sourceTree = "<group>"; };
		77EC7032185D8A43843597C4 /* Pods-Geppetto.release.xcconfig */ = {isa = PBXFileReference; includeInIndex = 1; lastKnownFileType = text.xcconfig; name = "Pods-Geppetto.release.xcconfig"; path = "Target Support Files/Pods-Geppetto/Pods-Geppetto.release.xcconfig"; sourceTree = "<group>"; };
		840A900D44200DDB270E510D /* Pods_Example.framework */ = {isa = PBXFileReference; explicitFileType = wrapper.framework; includeInIndex = 0; path = Pods_Example.framework; sourceTree = BUILT_PRODUCTS_DIR; };
		AA28949E211E13CDC792AFE9 /* Pods-Example.release.xcconfig */ = {isa = PBXFileReference; includeInIndex = 1; lastKnownFileType = text.xcconfig; name = "Pods-Example.release.xcconfig"; path = "Target Support Files/Pods-Example/Pods-Example.release.xcconfig"; sourceTree = "<group>"; };
		F913D48F054A8BF12E0204C6 /* Pods_Geppetto.framework */ = {isa = PBXFileReference; explicitFileType = wrapper.framework; includeInIndex = 0; path = Pods_Geppetto.framework; sourceTree = BUILT_PRODUCTS_DIR; };
		FC4B68A4B71703443C5C683B /* Pods-Geppetto.debug.xcconfig */ = {isa = PBXFileReference; includeInIndex = 1; lastKnownFileType = text.xcconfig; name = "Pods-Geppetto.debug.xcconfig"; path = "Target Support Files/Pods-Geppetto/Pods-Geppetto.debug.xcconfig"; sourceTree = "<group>"; };
/* End PBXFileReference section */

/* Begin PBXFrameworksBuildPhase section */
		1F3F72BA22AE1E100055620C /* Frameworks */ = {
			isa = PBXFrameworksBuildPhase;
			buildActionMask = 2147483647;
			files = (
				4B61F06AE95858B6EC1DBEFD /* Pods_Example.framework in Frameworks */,
			);
			runOnlyForDeploymentPostprocessing = 0;
		};
		69E96211227FF0BF00072369 /* Frameworks */ = {
			isa = PBXFrameworksBuildPhase;
			buildActionMask = 2147483647;
			files = (
				7ED82C50378DE8DBAC3A38FF /* Pods_Geppetto.framework in Frameworks */,
			);
			runOnlyForDeploymentPostprocessing = 0;
		};
/* End PBXFrameworksBuildPhase section */

/* Begin PBXGroup section */
		1F3F72BE22AE1E110055620C /* Example */ = {
			isa = PBXGroup;
			children = (
				1F3F72BF22AE1E110055620C /* AppDelegate.swift */,
				6926B35A237902C200B76761 /* ExampleListViewController.swift */,
				1F3F72C122AE1E110055620C /* SimpleAdderViewController.swift */,
				6926B3582378F83E00B76761 /* PersistentAdderViewController.swift */,
				1F3F72C322AE1E110055620C /* Main.storyboard */,
				1F3F72C622AE1E110055620C /* Assets.xcassets */,
				1F3F72C822AE1E110055620C /* LaunchScreen.storyboard */,
				1F3F72CB22AE1E110055620C /* Info.plist */,
			);
			path = Example;
			sourceTree = "<group>";
		};
		55952B61551FB26124E8ACE9 /* Pods */ = {
			isa = PBXGroup;
			children = (
				FC4B68A4B71703443C5C683B /* Pods-Geppetto.debug.xcconfig */,
				77EC7032185D8A43843597C4 /* Pods-Geppetto.release.xcconfig */,
				419200EE6F679B389AC2A137 /* Pods-Example.debug.xcconfig */,
				AA28949E211E13CDC792AFE9 /* Pods-Example.release.xcconfig */,
			);
			path = Pods;
			sourceTree = "<group>";
		};
		693672DF237916DE00565B59 /* Effect */ = {
			isa = PBXGroup;
			children = (
				693672E523791F7700565B59 /* Effect.swift */,
				693672E02379177A00565B59 /* UserDefaults */,
			);
			path = Effect;
			sourceTree = "<group>";
		};
		693672E02379177A00565B59 /* UserDefaults */ = {
			isa = PBXGroup;
			children = (
				693672E12379178C00565B59 /* Effect+UserDefaults.swift */,
			);
			path = UserDefaults;
			sourceTree = "<group>";
		};
		69BA20C72283BF2200A06438 /* Functional */ = {
			isa = PBXGroup;
			children = (
				69BA20C82283BF2F00A06438 /* Operators.swift */,
				69BA20CA2283BFFC00A06438 /* Functions.swift */,
			);
			path = Functional;
			sourceTree = "<group>";
		};
		69BA20CC2283C06E00A06438 /* Types */ = {
			isa = PBXGroup;
			children = (
				69BA20CD2283C08B00A06438 /* OptionalType.swift */,
				69BA20D12283C1D000A06438 /* Reader.swift */,
				69BA20CF2283C13E00A06438 /* Unit.swift */,
			);
			path = Types;
			sourceTree = "<group>";
		};
		69BA20D52283C29D00A06438 /* Util */ = {
			isa = PBXGroup;
			children = (
				69BA20D62283C2A800A06438 /* Copyable.swift */,
			);
			path = Util;
			sourceTree = "<group>";
		};
		69BA20D82283E64B00A06438 /* MonadTransformers */ = {
			isa = PBXGroup;
			children = (
				69BA20D92283E67100A06438 /* Command+MonadTransformer.swift */,
				693672E32379187200565B59 /* Effect+MonadTransformer.swift */,
			);
			path = MonadTransformers;
			sourceTree = "<group>";
		};
		69BA20DC2283E6E900A06438 /* View */ = {
			isa = PBXGroup;
			children = (
				69BA20DD2283E6F100A06438 /* View.swift */,
				69BA20DF2283E72F00A06438 /* ViewController.swift */,
			);
			path = View;
			sourceTree = "<group>";
		};
		69BA20E12283E74700A06438 /* Environment */ = {
			isa = PBXGroup;
			children = (
				69BA20E22283E75500A06438 /* EnvironmentType.swift */,
			);
			path = Environment;
			sourceTree = "<group>";
		};
		69BA20E42283E78200A06438 /* Program */ = {
			isa = PBXGroup;
			children = (
				69BA20E52283E78E00A06438 /* Program.swift */,
				696BD2DF2373FF3C0071ABDA /* BeginnerProgram.swift */,
				69BA20E72283E7A700A06438 /* StateMachine.swift */,
			);
			path = Program;
			sourceTree = "<group>";
		};
		69E9620A227FF0BF00072369 = {
			isa = PBXGroup;
			children = (
				69E96216227FF0BF00072369 /* Sources */,
				1F3F72BE22AE1E110055620C /* Example */,
				69E96215227FF0BF00072369 /* Products */,
				55952B61551FB26124E8ACE9 /* Pods */,
				D63A4C34B8A6A8D49CE4F05E /* Frameworks */,
			);
			sourceTree = "<group>";
		};
		69E96215227FF0BF00072369 /* Products */ = {
			isa = PBXGroup;
			children = (
				69E96214227FF0BF00072369 /* Geppetto.framework */,
				1F3F72BD22AE1E100055620C /* Example.app */,
			);
			name = Products;
			sourceTree = "<group>";
		};
		69E96216227FF0BF00072369 /* Sources */ = {
			isa = PBXGroup;
			children = (
				69BA20E42283E78200A06438 /* Program */,
				69BA20E12283E74700A06438 /* Environment */,
				693672DF237916DE00565B59 /* Effect */,
				69BA20DC2283E6E900A06438 /* View */,
				69BA20D82283E64B00A06438 /* MonadTransformers */,
				69BA20D52283C29D00A06438 /* Util */,
				69BA20CC2283C06E00A06438 /* Types */,
				69BA20C72283BF2200A06438 /* Functional */,
				69E96217227FF0BF00072369 /* Geppetto.h */,
				69E96218227FF0BF00072369 /* Info.plist */,
			);
			path = Sources;
			sourceTree = "<group>";
		};
		D63A4C34B8A6A8D49CE4F05E /* Frameworks */ = {
			isa = PBXGroup;
			children = (
				F913D48F054A8BF12E0204C6 /* Pods_Geppetto.framework */,
				840A900D44200DDB270E510D /* Pods_Example.framework */,
			);
			name = Frameworks;
			sourceTree = "<group>";
		};
/* End PBXGroup section */

/* Begin PBXHeadersBuildPhase section */
		69E9620F227FF0BF00072369 /* Headers */ = {
			isa = PBXHeadersBuildPhase;
			buildActionMask = 2147483647;
			files = (
				69E96219227FF0BF00072369 /* Geppetto.h in Headers */,
			);
			runOnlyForDeploymentPostprocessing = 0;
		};
/* End PBXHeadersBuildPhase section */

/* Begin PBXNativeTarget section */
		1F3F72BC22AE1E100055620C /* Example */ = {
			isa = PBXNativeTarget;
			buildConfigurationList = 1F3F72CE22AE1E110055620C /* Build configuration list for PBXNativeTarget "Example" */;
			buildPhases = (
				AF960888C9B36D6A9D1BE302 /* [CP] Check Pods Manifest.lock */,
				1F3F72B922AE1E100055620C /* Sources */,
				1F3F72BA22AE1E100055620C /* Frameworks */,
				1F3F72BB22AE1E100055620C /* Resources */,
				15587F9D32CDF42D23DB566F /* [CP] Embed Pods Frameworks */,
			);
			buildRules = (
			);
			dependencies = (
				1F3F72D022AE1E250055620C /* PBXTargetDependency */,
			);
			name = Example;
			productName = Example;
			productReference = 1F3F72BD22AE1E100055620C /* Example.app */;
			productType = "com.apple.product-type.application";
		};
		69E96213227FF0BF00072369 /* Geppetto */ = {
			isa = PBXNativeTarget;
			buildConfigurationList = 69E9621C227FF0BF00072369 /* Build configuration list for PBXNativeTarget "Geppetto" */;
			buildPhases = (
				625A2BE0492929D35F9583D2 /* [CP] Check Pods Manifest.lock */,
				69E9620F227FF0BF00072369 /* Headers */,
				69E96210227FF0BF00072369 /* Sources */,
				69E96211227FF0BF00072369 /* Frameworks */,
				69E96212227FF0BF00072369 /* Resources */,
			);
			buildRules = (
			);
			dependencies = (
			);
			name = Geppetto;
			productName = Geppetto;
			productReference = 69E96214227FF0BF00072369 /* Geppetto.framework */;
			productType = "com.apple.product-type.framework";
		};
/* End PBXNativeTarget section */

/* Begin PBXProject section */
		69E9620B227FF0BF00072369 /* Project object */ = {
			isa = PBXProject;
			attributes = {
				LastSwiftUpdateCheck = 1020;
				LastUpgradeCheck = 1020;
				ORGANIZATIONNAME = rinndash;
				TargetAttributes = {
					1F3F72BC22AE1E100055620C = {
						CreatedOnToolsVersion = 10.2.1;
					};
					69E96213227FF0BF00072369 = {
						CreatedOnToolsVersion = 10.2.1;
						LastSwiftMigration = 1020;
					};
				};
			};
			buildConfigurationList = 69E9620E227FF0BF00072369 /* Build configuration list for PBXProject "Geppetto" */;
			compatibilityVersion = "Xcode 9.3";
			developmentRegion = en;
			hasScannedForEncodings = 0;
			knownRegions = (
				en,
				Base,
			);
			mainGroup = 69E9620A227FF0BF00072369;
			productRefGroup = 69E96215227FF0BF00072369 /* Products */;
			projectDirPath = "";
			projectRoot = "";
			targets = (
				69E96213227FF0BF00072369 /* Geppetto */,
				1F3F72BC22AE1E100055620C /* Example */,
			);
		};
/* End PBXProject section */

/* Begin PBXResourcesBuildPhase section */
		1F3F72BB22AE1E100055620C /* Resources */ = {
			isa = PBXResourcesBuildPhase;
			buildActionMask = 2147483647;
			files = (
				1F3F72CA22AE1E110055620C /* LaunchScreen.storyboard in Resources */,
				1F3F72C722AE1E110055620C /* Assets.xcassets in Resources */,
				1F3F72C522AE1E110055620C /* Main.storyboard in Resources */,
			);
			runOnlyForDeploymentPostprocessing = 0;
		};
		69E96212227FF0BF00072369 /* Resources */ = {
			isa = PBXResourcesBuildPhase;
			buildActionMask = 2147483647;
			files = (
			);
			runOnlyForDeploymentPostprocessing = 0;
		};
/* End PBXResourcesBuildPhase section */

/* Begin PBXShellScriptBuildPhase section */
		15587F9D32CDF42D23DB566F /* [CP] Embed Pods Frameworks */ = {
			isa = PBXShellScriptBuildPhase;
			buildActionMask = 2147483647;
			files = (
			);
			inputFileListPaths = (
			);
			inputPaths = (
				"${PODS_ROOT}/Target Support Files/Pods-Example/Pods-Example-frameworks.sh",
				"${BUILT_PRODUCTS_DIR}/RxCocoa/RxCocoa.framework",
				"${BUILT_PRODUCTS_DIR}/RxRelay/RxRelay.framework",
				"${BUILT_PRODUCTS_DIR}/RxSwift/RxSwift.framework",
				"${BUILT_PRODUCTS_DIR}/RxSwiftExt/RxSwiftExt.framework",
			);
			name = "[CP] Embed Pods Frameworks";
			outputFileListPaths = (
			);
			outputPaths = (
				"${TARGET_BUILD_DIR}/${FRAMEWORKS_FOLDER_PATH}/RxCocoa.framework",
				"${TARGET_BUILD_DIR}/${FRAMEWORKS_FOLDER_PATH}/RxRelay.framework",
				"${TARGET_BUILD_DIR}/${FRAMEWORKS_FOLDER_PATH}/RxSwift.framework",
				"${TARGET_BUILD_DIR}/${FRAMEWORKS_FOLDER_PATH}/RxSwiftExt.framework",
			);
			runOnlyForDeploymentPostprocessing = 0;
			shellPath = /bin/sh;
			shellScript = "\"${PODS_ROOT}/Target Support Files/Pods-Example/Pods-Example-frameworks.sh\"\n";
			showEnvVarsInLog = 0;
		};
		625A2BE0492929D35F9583D2 /* [CP] Check Pods Manifest.lock */ = {
			isa = PBXShellScriptBuildPhase;
			buildActionMask = 2147483647;
			files = (
			);
			inputFileListPaths = (
			);
			inputPaths = (
				"${PODS_PODFILE_DIR_PATH}/Podfile.lock",
				"${PODS_ROOT}/Manifest.lock",
			);
			name = "[CP] Check Pods Manifest.lock";
			outputFileListPaths = (
			);
			outputPaths = (
				"$(DERIVED_FILE_DIR)/Pods-Geppetto-checkManifestLockResult.txt",
			);
			runOnlyForDeploymentPostprocessing = 0;
			shellPath = /bin/sh;
			shellScript = "diff \"${PODS_PODFILE_DIR_PATH}/Podfile.lock\" \"${PODS_ROOT}/Manifest.lock\" > /dev/null\nif [ $? != 0 ] ; then\n    # print error to STDERR\n    echo \"error: The sandbox is not in sync with the Podfile.lock. Run 'pod install' or update your CocoaPods installation.\" >&2\n    exit 1\nfi\n# This output is used by Xcode 'outputs' to avoid re-running this script phase.\necho \"SUCCESS\" > \"${SCRIPT_OUTPUT_FILE_0}\"\n";
			showEnvVarsInLog = 0;
		};
		AF960888C9B36D6A9D1BE302 /* [CP] Check Pods Manifest.lock */ = {
			isa = PBXShellScriptBuildPhase;
			buildActionMask = 2147483647;
			files = (
			);
			inputFileListPaths = (
			);
			inputPaths = (
				"${PODS_PODFILE_DIR_PATH}/Podfile.lock",
				"${PODS_ROOT}/Manifest.lock",
			);
			name = "[CP] Check Pods Manifest.lock";
			outputFileListPaths = (
			);
			outputPaths = (
				"$(DERIVED_FILE_DIR)/Pods-Example-checkManifestLockResult.txt",
			);
			runOnlyForDeploymentPostprocessing = 0;
			shellPath = /bin/sh;
			shellScript = "diff \"${PODS_PODFILE_DIR_PATH}/Podfile.lock\" \"${PODS_ROOT}/Manifest.lock\" > /dev/null\nif [ $? != 0 ] ; then\n    # print error to STDERR\n    echo \"error: The sandbox is not in sync with the Podfile.lock. Run 'pod install' or update your CocoaPods installation.\" >&2\n    exit 1\nfi\n# This output is used by Xcode 'outputs' to avoid re-running this script phase.\necho \"SUCCESS\" > \"${SCRIPT_OUTPUT_FILE_0}\"\n";
			showEnvVarsInLog = 0;
		};
/* End PBXShellScriptBuildPhase section */

/* Begin PBXSourcesBuildPhase section */
		1F3F72B922AE1E100055620C /* Sources */ = {
			isa = PBXSourcesBuildPhase;
			buildActionMask = 2147483647;
			files = (
				6926B3592378F83E00B76761 /* PersistentAdderViewController.swift in Sources */,
				6926B35B237902C200B76761 /* ExampleListViewController.swift in Sources */,
				1F3F72C222AE1E110055620C /* SimpleAdderViewController.swift in Sources */,
				1F3F72C022AE1E110055620C /* AppDelegate.swift in Sources */,
			);
			runOnlyForDeploymentPostprocessing = 0;
		};
		69E96210227FF0BF00072369 /* Sources */ = {
			isa = PBXSourcesBuildPhase;
			buildActionMask = 2147483647;
			files = (
				69BA20DE2283E6F100A06438 /* View.swift in Sources */,
				69BA20CE2283C08B00A06438 /* OptionalType.swift in Sources */,
				693672E42379187200565B59 /* Effect+MonadTransformer.swift in Sources */,
				69BA20D02283C13E00A06438 /* Unit.swift in Sources */,
				693672E623791F7700565B59 /* Effect.swift in Sources */,
				69BA20E02283E72F00A06438 /* ViewController.swift in Sources */,
				69BA20C92283BF2F00A06438 /* Operators.swift in Sources */,
				696BD2E02373FF3C0071ABDA /* BeginnerProgram.swift in Sources */,
				69BA20D22283C1D000A06438 /* Reader.swift in Sources */,
				693672E22379178C00565B59 /* Effect+UserDefaults.swift in Sources */,
				69BA20E62283E78E00A06438 /* Program.swift in Sources */,
				69BA20E82283E7A700A06438 /* StateMachine.swift in Sources */,
				69BA20D72283C2A800A06438 /* Copyable.swift in Sources */,
				69BA20E32283E75500A06438 /* EnvironmentType.swift in Sources */,
				69BA20DA2283E67100A06438 /* Command+MonadTransformer.swift in Sources */,
				69BA20CB2283BFFC00A06438 /* Functions.swift in Sources */,
			);
			runOnlyForDeploymentPostprocessing = 0;
		};
/* End PBXSourcesBuildPhase section */

/* Begin PBXTargetDependency section */
		1F3F72D022AE1E250055620C /* PBXTargetDependency */ = {
			isa = PBXTargetDependency;
			target = 69E96213227FF0BF00072369 /* Geppetto */;
			targetProxy = 1F3F72CF22AE1E250055620C /* PBXContainerItemProxy */;
		};
/* End PBXTargetDependency section */

/* Begin PBXVariantGroup section */
		1F3F72C322AE1E110055620C /* Main.storyboard */ = {
			isa = PBXVariantGroup;
			children = (
				1F3F72C422AE1E110055620C /* Base */,
			);
			name = Main.storyboard;
			sourceTree = "<group>";
		};
		1F3F72C822AE1E110055620C /* LaunchScreen.storyboard */ = {
			isa = PBXVariantGroup;
			children = (
				1F3F72C922AE1E110055620C /* Base */,
			);
			name = LaunchScreen.storyboard;
			sourceTree = "<group>";
		};
/* End PBXVariantGroup section */

/* Begin XCBuildConfiguration section */
		1F3F72CC22AE1E110055620C /* Debug */ = {
			isa = XCBuildConfiguration;
			baseConfigurationReference = 419200EE6F679B389AC2A137 /* Pods-Example.debug.xcconfig */;
			buildSettings = {
				ASSETCATALOG_COMPILER_APPICON_NAME = AppIcon;
				CODE_SIGN_STYLE = Automatic;
				DEVELOPMENT_TEAM = 68L248M44U;
				INFOPLIST_FILE = Example/Info.plist;
				LD_RUNPATH_SEARCH_PATHS = (
					"$(inherited)",
					"@executable_path/Frameworks",
				);
				PRODUCT_BUNDLE_IDENTIFIER = co.geppetto.Example;
				PRODUCT_NAME = "$(TARGET_NAME)";
				SWIFT_VERSION = 5.0;
				TARGETED_DEVICE_FAMILY = "1,2";
			};
			name = Debug;
		};
		1F3F72CD22AE1E110055620C /* Release */ = {
			isa = XCBuildConfiguration;
			baseConfigurationReference = AA28949E211E13CDC792AFE9 /* Pods-Example.release.xcconfig */;
			buildSettings = {
				ASSETCATALOG_COMPILER_APPICON_NAME = AppIcon;
				CODE_SIGN_STYLE = Automatic;
				DEVELOPMENT_TEAM = 68L248M44U;
				INFOPLIST_FILE = Example/Info.plist;
				LD_RUNPATH_SEARCH_PATHS = (
					"$(inherited)",
					"@executable_path/Frameworks",
				);
				PRODUCT_BUNDLE_IDENTIFIER = co.geppetto.Example;
				PRODUCT_NAME = "$(TARGET_NAME)";
				SWIFT_VERSION = 5.0;
				TARGETED_DEVICE_FAMILY = "1,2";
			};
			name = Release;
		};
		69E9621A227FF0BF00072369 /* Debug */ = {
			isa = XCBuildConfiguration;
			buildSettings = {
				ALWAYS_SEARCH_USER_PATHS = NO;
				CLANG_ANALYZER_NONNULL = YES;
				CLANG_ANALYZER_NUMBER_OBJECT_CONVERSION = YES_AGGRESSIVE;
				CLANG_CXX_LANGUAGE_STANDARD = "gnu++14";
				CLANG_CXX_LIBRARY = "libc++";
				CLANG_ENABLE_MODULES = YES;
				CLANG_ENABLE_OBJC_ARC = YES;
				CLANG_ENABLE_OBJC_WEAK = YES;
				CLANG_WARN_BLOCK_CAPTURE_AUTORELEASING = YES;
				CLANG_WARN_BOOL_CONVERSION = YES;
				CLANG_WARN_COMMA = YES;
				CLANG_WARN_CONSTANT_CONVERSION = YES;
				CLANG_WARN_DEPRECATED_OBJC_IMPLEMENTATIONS = YES;
				CLANG_WARN_DIRECT_OBJC_ISA_USAGE = YES_ERROR;
				CLANG_WARN_DOCUMENTATION_COMMENTS = YES;
				CLANG_WARN_EMPTY_BODY = YES;
				CLANG_WARN_ENUM_CONVERSION = YES;
				CLANG_WARN_INFINITE_RECURSION = YES;
				CLANG_WARN_INT_CONVERSION = YES;
				CLANG_WARN_NON_LITERAL_NULL_CONVERSION = YES;
				CLANG_WARN_OBJC_IMPLICIT_RETAIN_SELF = YES;
				CLANG_WARN_OBJC_LITERAL_CONVERSION = YES;
				CLANG_WARN_OBJC_ROOT_CLASS = YES_ERROR;
				CLANG_WARN_RANGE_LOOP_ANALYSIS = YES;
				CLANG_WARN_STRICT_PROTOTYPES = YES;
				CLANG_WARN_SUSPICIOUS_MOVE = YES;
				CLANG_WARN_UNGUARDED_AVAILABILITY = YES_AGGRESSIVE;
				CLANG_WARN_UNREACHABLE_CODE = YES;
				CLANG_WARN__DUPLICATE_METHOD_MATCH = YES;
				CODE_SIGN_IDENTITY = "iPhone Developer";
				COPY_PHASE_STRIP = NO;
				CURRENT_PROJECT_VERSION = 1;
				DEBUG_INFORMATION_FORMAT = dwarf;
				ENABLE_STRICT_OBJC_MSGSEND = YES;
				ENABLE_TESTABILITY = YES;
				GCC_C_LANGUAGE_STANDARD = gnu11;
				GCC_DYNAMIC_NO_PIC = NO;
				GCC_NO_COMMON_BLOCKS = YES;
				GCC_OPTIMIZATION_LEVEL = 0;
				GCC_PREPROCESSOR_DEFINITIONS = (
					"DEBUG=1",
					"$(inherited)",
				);
				GCC_WARN_64_TO_32_BIT_CONVERSION = YES;
				GCC_WARN_ABOUT_RETURN_TYPE = YES_ERROR;
				GCC_WARN_UNDECLARED_SELECTOR = YES;
				GCC_WARN_UNINITIALIZED_AUTOS = YES_AGGRESSIVE;
				GCC_WARN_UNUSED_FUNCTION = YES;
				GCC_WARN_UNUSED_VARIABLE = YES;
				IPHONEOS_DEPLOYMENT_TARGET = 12.2;
				MTL_ENABLE_DEBUG_INFO = INCLUDE_SOURCE;
				MTL_FAST_MATH = YES;
				ONLY_ACTIVE_ARCH = YES;
				SDKROOT = iphoneos;
				SWIFT_ACTIVE_COMPILATION_CONDITIONS = DEBUG;
				SWIFT_OPTIMIZATION_LEVEL = "-Onone";
				VERSIONING_SYSTEM = "apple-generic";
				VERSION_INFO_PREFIX = "";
			};
			name = Debug;
		};
		69E9621B227FF0BF00072369 /* Release */ = {
			isa = XCBuildConfiguration;
			buildSettings = {
				ALWAYS_SEARCH_USER_PATHS = NO;
				CLANG_ANALYZER_NONNULL = YES;
				CLANG_ANALYZER_NUMBER_OBJECT_CONVERSION = YES_AGGRESSIVE;
				CLANG_CXX_LANGUAGE_STANDARD = "gnu++14";
				CLANG_CXX_LIBRARY = "libc++";
				CLANG_ENABLE_MODULES = YES;
				CLANG_ENABLE_OBJC_ARC = YES;
				CLANG_ENABLE_OBJC_WEAK = YES;
				CLANG_WARN_BLOCK_CAPTURE_AUTORELEASING = YES;
				CLANG_WARN_BOOL_CONVERSION = YES;
				CLANG_WARN_COMMA = YES;
				CLANG_WARN_CONSTANT_CONVERSION = YES;
				CLANG_WARN_DEPRECATED_OBJC_IMPLEMENTATIONS = YES;
				CLANG_WARN_DIRECT_OBJC_ISA_USAGE = YES_ERROR;
				CLANG_WARN_DOCUMENTATION_COMMENTS = YES;
				CLANG_WARN_EMPTY_BODY = YES;
				CLANG_WARN_ENUM_CONVERSION = YES;
				CLANG_WARN_INFINITE_RECURSION = YES;
				CLANG_WARN_INT_CONVERSION = YES;
				CLANG_WARN_NON_LITERAL_NULL_CONVERSION = YES;
				CLANG_WARN_OBJC_IMPLICIT_RETAIN_SELF = YES;
				CLANG_WARN_OBJC_LITERAL_CONVERSION = YES;
				CLANG_WARN_OBJC_ROOT_CLASS = YES_ERROR;
				CLANG_WARN_RANGE_LOOP_ANALYSIS = YES;
				CLANG_WARN_STRICT_PROTOTYPES = YES;
				CLANG_WARN_SUSPICIOUS_MOVE = YES;
				CLANG_WARN_UNGUARDED_AVAILABILITY = YES_AGGRESSIVE;
				CLANG_WARN_UNREACHABLE_CODE = YES;
				CLANG_WARN__DUPLICATE_METHOD_MATCH = YES;
				CODE_SIGN_IDENTITY = "iPhone Developer";
				COPY_PHASE_STRIP = NO;
				CURRENT_PROJECT_VERSION = 1;
				DEBUG_INFORMATION_FORMAT = "dwarf-with-dsym";
				ENABLE_NS_ASSERTIONS = NO;
				ENABLE_STRICT_OBJC_MSGSEND = YES;
				GCC_C_LANGUAGE_STANDARD = gnu11;
				GCC_NO_COMMON_BLOCKS = YES;
				GCC_WARN_64_TO_32_BIT_CONVERSION = YES;
				GCC_WARN_ABOUT_RETURN_TYPE = YES_ERROR;
				GCC_WARN_UNDECLARED_SELECTOR = YES;
				GCC_WARN_UNINITIALIZED_AUTOS = YES_AGGRESSIVE;
				GCC_WARN_UNUSED_FUNCTION = YES;
				GCC_WARN_UNUSED_VARIABLE = YES;
				IPHONEOS_DEPLOYMENT_TARGET = 12.2;
				MTL_ENABLE_DEBUG_INFO = NO;
				MTL_FAST_MATH = YES;
				SDKROOT = iphoneos;
				SWIFT_COMPILATION_MODE = wholemodule;
				SWIFT_OPTIMIZATION_LEVEL = "-O";
				VALIDATE_PRODUCT = YES;
				VERSIONING_SYSTEM = "apple-generic";
				VERSION_INFO_PREFIX = "";
			};
			name = Release;
		};
		69E9621D227FF0BF00072369 /* Debug */ = {
			isa = XCBuildConfiguration;
			baseConfigurationReference = FC4B68A4B71703443C5C683B /* Pods-Geppetto.debug.xcconfig */;
			buildSettings = {
				CLANG_ENABLE_MODULES = YES;
				CODE_SIGN_IDENTITY = "";
				CODE_SIGN_STYLE = Automatic;
				DEFINES_MODULE = YES;
				DYLIB_COMPATIBILITY_VERSION = 1;
				DYLIB_CURRENT_VERSION = 1;
				DYLIB_INSTALL_NAME_BASE = "@rpath";
				INFOPLIST_FILE = "$(SRCROOT)/Sources/Info.plist";
				INSTALL_PATH = "$(LOCAL_LIBRARY_DIR)/Frameworks";
				LD_RUNPATH_SEARCH_PATHS = (
					"$(inherited)",
					"@executable_path/Frameworks",
					"@loader_path/Frameworks",
				);
				PRODUCT_BUNDLE_IDENTIFIER = rinndash.Geppetto;
				PRODUCT_NAME = "$(TARGET_NAME:c99extidentifier)";
				SKIP_INSTALL = YES;
				SWIFT_OPTIMIZATION_LEVEL = "-Onone";
				SWIFT_VERSION = 5.0;
				TARGETED_DEVICE_FAMILY = "1,2";
			};
			name = Debug;
		};
		69E9621E227FF0BF00072369 /* Release */ = {
			isa = XCBuildConfiguration;
			baseConfigurationReference = 77EC7032185D8A43843597C4 /* Pods-Geppetto.release.xcconfig */;
			buildSettings = {
				CLANG_ENABLE_MODULES = YES;
				CODE_SIGN_IDENTITY = "";
				CODE_SIGN_STYLE = Automatic;
				DEFINES_MODULE = YES;
				DYLIB_COMPATIBILITY_VERSION = 1;
				DYLIB_CURRENT_VERSION = 1;
				DYLIB_INSTALL_NAME_BASE = "@rpath";
				INFOPLIST_FILE = "$(SRCROOT)/Sources/Info.plist";
				INSTALL_PATH = "$(LOCAL_LIBRARY_DIR)/Frameworks";
				LD_RUNPATH_SEARCH_PATHS = (
					"$(inherited)",
					"@executable_path/Frameworks",
					"@loader_path/Frameworks",
				);
				PRODUCT_BUNDLE_IDENTIFIER = rinndash.Geppetto;
				PRODUCT_NAME = "$(TARGET_NAME:c99extidentifier)";
				SKIP_INSTALL = YES;
				SWIFT_VERSION = 5.0;
				TARGETED_DEVICE_FAMILY = "1,2";
			};
			name = Release;
		};
/* End XCBuildConfiguration section */

/* Begin XCConfigurationList section */
		1F3F72CE22AE1E110055620C /* Build configuration list for PBXNativeTarget "Example" */ = {
			isa = XCConfigurationList;
			buildConfigurations = (
				1F3F72CC22AE1E110055620C /* Debug */,
				1F3F72CD22AE1E110055620C /* Release */,
			);
			defaultConfigurationIsVisible = 0;
			defaultConfigurationName = Release;
		};
		69E9620E227FF0BF00072369 /* Build configuration list for PBXProject "Geppetto" */ = {
			isa = XCConfigurationList;
			buildConfigurations = (
				69E9621A227FF0BF00072369 /* Debug */,
				69E9621B227FF0BF00072369 /* Release */,
			);
			defaultConfigurationIsVisible = 0;
			defaultConfigurationName = Release;
		};
		69E9621C227FF0BF00072369 /* Build configuration list for PBXNativeTarget "Geppetto" */ = {
			isa = XCConfigurationList;
			buildConfigurations = (
				69E9621D227FF0BF00072369 /* Debug */,
				69E9621E227FF0BF00072369 /* Release */,
			);
			defaultConfigurationIsVisible = 0;
			defaultConfigurationName = Release;
		};
/* End XCConfigurationList section */
	};
	rootObject = 69E9620B227FF0BF00072369 /* Project object */;
}
